
Microsoft Visual Studio Solution File, Format Version 12.00
# Visual Studio 15
Project("{FAE04EC0-301F-11D3-BF4B-00C04F79EFBC}") = "Assembly-CSharp", "Assembly-CSharp.csproj", "{F27BE211-C92C-FECE-E1B7-268E9661D787}"
EndProject
Project("{FAE04EC0-301F-11D3-BF4B-00C04F79EFBC}") = "Assembly-CSharp-firstpass", "Assembly-CSharp-firstpass.csproj", "{D2BEF528-C840-D312-5EE1-C77B704D3175}"
EndProject
Project("{FAE04EC0-301F-11D3-BF4B-00C04F79EFBC}") = "Assembly-CSharp-Editor", "Assembly-CSharp-Editor.csproj", "{251B979E-85E1-B588-52C4-8FDBF4208978}"
EndProject
Global
	GlobalSection(SolutionConfigurationPlatforms) = preSolution
		Debug|Any CPU = Debug|Any CPU
		Release|Any CPU = Release|Any CPU
	EndGlobalSection
	GlobalSection(ProjectConfigurationPlatforms) = postSolution
		{F27BE211-C92C-FECE-E1B7-268E9661D787}.Debug|Any CPU.ActiveCfg = Debug|Any CPU
		{F27BE211-C92C-FECE-E1B7-268E9661D787}.Debug|Any CPU.Build.0 = Debug|Any CPU
		{F27BE211-C92C-FECE-E1B7-268E9661D787}.Release|Any CPU.ActiveCfg = Release|Any CPU
		{F27BE211-C92C-FECE-E1B7-268E9661D787}.Release|Any CPU.Build.0 = Release|Any CPU
		{D2BEF528-C840-D312-5EE1-C77B704D3175}.Debug|Any CPU.ActiveCfg = Debug|Any CPU
		{D2BEF528-C840-D312-5EE1-C77B704D3175}.Debug|Any CPU.Build.0 = Debug|Any CPU
		{D2BEF528-C840-D312-5EE1-C77B704D3175}.Release|Any CPU.ActiveCfg = Release|Any CPU
		{D2BEF528-C840-D312-5EE1-C77B704D3175}.Release|Any CPU.Build.0 = Release|Any CPU
		{251B979E-85E1-B588-52C4-8FDBF4208978}.Debug|Any CPU.ActiveCfg = Debug|Any CPU
		{251B979E-85E1-B588-52C4-8FDBF4208978}.Debug|Any CPU.Build.0 = Debug|Any CPU
		{251B979E-85E1-B588-52C4-8FDBF4208978}.Release|Any CPU.ActiveCfg = Release|Any CPU
		{251B979E-85E1-B588-52C4-8FDBF4208978}.Release|Any CPU.Build.0 = Release|Any CPU
	EndGlobalSection
	GlobalSection(SolutionProperties) = preSolution
		HideSolutionNode = FALSE
	EndGlobalSection
EndGlobal
